
Microsoft Visual Studio Solution File, Format Version 12.00
# Visual Studio Version 17
VisualStudioVersion = 17.5.33516.290
MinimumVisualStudioVersion = 10.0.40219.1
Project("{9A19103F-16F7-4668-BE54-9A1E7A4F7556}") = "CityInfoAPI", "CityInfoAPI\CityInfoAPI.csproj", "{E5B3A019-59D9-4BB1-AB62-7666DDCA1FA6}"
EndProject
Project("{FAE04EC0-301F-11D3-BF4B-00C04F79EFBC}") = "CityInfoAPITests", "CityInfoAPITests\CityInfoAPITests.csproj", "{ED96DE01-51DE-484A-B296-F86999E9C059}"
EndProject
Global
	GlobalSection(SolutionConfigurationPlatforms) = preSolution
		Debug|Any CPU = Debug|Any CPU
		Release|Any CPU = Release|Any CPU
	EndGlobalSection
	GlobalSection(ProjectConfigurationPlatforms) = postSolution
		{E5B3A019-59D9-4BB1-AB62-7666DDCA1FA6}.Debug|Any CPU.ActiveCfg = Debug|Any CPU
		{E5B3A019-59D9-4BB1-AB62-7666DDCA1FA6}.Debug|Any CPU.Build.0 = Debug|Any CPU
		{E5B3A019-59D9-4BB1-AB62-7666DDCA1FA6}.Release|Any CPU.ActiveCfg = Release|Any CPU
		{E5B3A019-59D9-4BB1-AB62-7666DDCA1FA6}.Release|Any CPU.Build.0 = Release|Any CPU
		{ED96DE01-51DE-484A-B296-F86999E9C059}.Debug|Any CPU.ActiveCfg = Debug|Any CPU
		{ED96DE01-51DE-484A-B296-F86999E9C059}.Debug|Any CPU.Build.0 = Debug|Any CPU
		{ED96DE01-51DE-484A-B296-F86999E9C059}.Release|Any CPU.ActiveCfg = Release|Any CPU
		{ED96DE01-51DE-484A-B296-F86999E9C059}.Release|Any CPU.Build.0 = Release|Any CPU
	EndGlobalSection
	GlobalSection(SolutionProperties) = preSolution
		HideSolutionNode = FALSE
	EndGlobalSection
	GlobalSection(ExtensibilityGlobals) = postSolution
		SolutionGuid = {271FCCD0-4EA9-44F0-B420-87302BD6F017}
	EndGlobalSection
EndGlobal
